
Microsoft Visual Studio Solution File, Format Version 12.00
# Visual Studio Version 17
VisualStudioVersion = 17.7.34024.191
MinimumVisualStudioVersion = 10.0.40219.1
Project("{FAE04EC0-301F-11D3-BF4B-00C04F79EFBC}") = "Chain", "Chain\Chain.csproj", "{CDD7E2EF-FC0F-4969-B879-44E2A836FEDE}"
EndProject
Global
	GlobalSection(SolutionConfigurationPlatforms) = preSolution
		Debug|Any CPU = Debug|Any CPU
		Release|Any CPU = Release|Any CPU
	EndGlobalSection
	GlobalSection(ProjectConfigurationPlatforms) = postSolution
		{CDD7E2EF-FC0F-4969-B879-44E2A836FEDE}.Debug|Any CPU.ActiveCfg = Debug|Any CPU
		{CDD7E2EF-FC0F-4969-B879-44E2A836FEDE}.Debug|Any CPU.Build.0 = Debug|Any CPU
		{CDD7E2EF-FC0F-4969-B879-44E2A836FEDE}.Release|Any CPU.ActiveCfg = Release|Any CPU
		{CDD7E2EF-FC0F-4969-B879-44E2A836FEDE}.Release|Any CPU.Build.0 = Release|Any CPU
	EndGlobalSection
	GlobalSection(SolutionProperties) = preSolution
		HideSolutionNode = FALSE
	EndGlobalSection
	GlobalSection(ExtensibilityGlobals) = postSolution
		SolutionGuid = {6CBBBED8-7725-4496-A6C5-49BE892F88F0}
	EndGlobalSection
EndGlobal
